
Microsoft Visual Studio Solution File, Format Version 12.00
# Visual Studio Version 17
VisualStudioVersion = 17.0.31903.59
MinimumVisualStudioVersion = 10.0.40219.1
Project("{9A19103F-16F7-4668-BE54-9A1E7A4F7556}") = "Calculator", "Calculator\Calculator.csproj", "{700DE04E-3BE2-4B20-80F3-D9C6D7B48F0A}"
EndProject
Project("{9A19103F-16F7-4668-BE54-9A1E7A4F7556}") = "Calculator.Models", "Calculator.Models\Calculator.Models.csproj", "{E85B894D-5285-4A27-BACE-E395151F0018}"
EndProject
Project("{9A19103F-16F7-4668-BE54-9A1E7A4F7556}") = "Calculator.ViewModels", "Calculator.ViewModels\Calculator.ViewModels.csproj", "{F2F0E324-CC8F-4463-9326-9C34934FAA28}"
EndProject
Project("{2150E333-8FDC-42A3-9474-1A3956D46DE8}") = "Solution Items", "Solution Items", "{7676835F-2832-4EF5-902F-0D43FF38AA22}"
	ProjectSection(SolutionItems) = preProject
		.editorconfig = .editorconfig
		Directory.Build.props = Directory.Build.props
	EndProjectSection
EndProject
Global
	GlobalSection(SolutionConfigurationPlatforms) = preSolution
		Debug|Any CPU = Debug|Any CPU
		Debug|ARM64 = Debug|ARM64
		Debug|x64 = Debug|x64
		Debug|x86 = Debug|x86
		Release|Any CPU = Release|Any CPU
		Release|ARM64 = Release|ARM64
		Release|x64 = Release|x64
		Release|x86 = Release|x86
	EndGlobalSection
	GlobalSection(ProjectConfigurationPlatforms) = postSolution
		{700DE04E-3BE2-4B20-80F3-D9C6D7B48F0A}.Debug|Any CPU.ActiveCfg = Debug|x64
		{700DE04E-3BE2-4B20-80F3-D9C6D7B48F0A}.Debug|Any CPU.Build.0 = Debug|x64
		{700DE04E-3BE2-4B20-80F3-D9C6D7B48F0A}.Debug|Any CPU.Deploy.0 = Debug|x64
		{700DE04E-3BE2-4B20-80F3-D9C6D7B48F0A}.Debug|ARM64.ActiveCfg = Debug|ARM64
		{700DE04E-3BE2-4B20-80F3-D9C6D7B48F0A}.Debug|ARM64.Build.0 = Debug|ARM64
		{700DE04E-3BE2-4B20-80F3-D9C6D7B48F0A}.Debug|ARM64.Deploy.0 = Debug|ARM64
		{700DE04E-3BE2-4B20-80F3-D9C6D7B48F0A}.Debug|x64.ActiveCfg = Debug|x64
		{700DE04E-3BE2-4B20-80F3-D9C6D7B48F0A}.Debug|x64.Build.0 = Debug|x64
		{700DE04E-3BE2-4B20-80F3-D9C6D7B48F0A}.Debug|x64.Deploy.0 = Debug|x64
		{700DE04E-3BE2-4B20-80F3-D9C6D7B48F0A}.Debug|x86.ActiveCfg = Debug|x86
		{700DE04E-3BE2-4B20-80F3-D9C6D7B48F0A}.Debug|x86.Build.0 = Debug|x86
		{700DE04E-3BE2-4B20-80F3-D9C6D7B48F0A}.Debug|x86.Deploy.0 = Debug|x86
		{700DE04E-3BE2-4B20-80F3-D9C6D7B48F0A}.Release|Any CPU.ActiveCfg = Release|x64
		{700DE04E-3BE2-4B20-80F3-D9C6D7B48F0A}.Release|Any CPU.Build.0 = Release|x64
		{700DE04E-3BE2-4B20-80F3-D9C6D7B48F0A}.Release|Any CPU.Deploy.0 = Release|x64
		{700DE04E-3BE2-4B20-80F3-D9C6D7B48F0A}.Release|ARM64.ActiveCfg = Release|ARM64
		{700DE04E-3BE2-4B20-80F3-D9C6D7B48F0A}.Release|ARM64.Build.0 = Release|ARM64
		{700DE04E-3BE2-4B20-80F3-D9C6D7B48F0A}.Release|ARM64.Deploy.0 = Release|ARM64
		{700DE04E-3BE2-4B20-80F3-D9C6D7B48F0A}.Release|x64.ActiveCfg = Release|x64
		{700DE04E-3BE2-4B20-80F3-D9C6D7B48F0A}.Release|x64.Build.0 = Release|x64
		{700DE04E-3BE2-4B20-80F3-D9C6D7B48F0A}.Release|x64.Deploy.0 = Release|x64
		{700DE04E-3BE2-4B20-80F3-D9C6D7B48F0A}.Release|x86.ActiveCfg = Release|x86
		{700DE04E-3BE2-4B20-80F3-D9C6D7B48F0A}.Release|x86.Build.0 = Release|x86
		{700DE04E-3BE2-4B20-80F3-D9C6D7B48F0A}.Release|x86.Deploy.0 = Release|x86
		{E85B894D-5285-4A27-BACE-E395151F0018}.Debug|Any CPU.ActiveCfg = Debug|Any CPU
		{E85B894D-5285-4A27-BACE-E395151F0018}.Debug|Any CPU.Build.0 = Debug|Any CPU
		{E85B894D-5285-4A27-BACE-E395151F0018}.Debug|ARM64.ActiveCfg = Debug|Any CPU
		{E85B894D-5285-4A27-BACE-E395151F0018}.Debug|ARM64.Build.0 = Debug|Any CPU
		{E85B894D-5285-4A27-BACE-E395151F0018}.Debug|x64.ActiveCfg = Debug|Any CPU
		{E85B894D-5285-4A27-BACE-E395151F0018}.Debug|x64.Build.0 = Debug|Any CPU
		{E85B894D-5285-4A27-BACE-E395151F0018}.Debug|x86.ActiveCfg = Debug|Any CPU
		{E85B894D-5285-4A27-BACE-E395151F0018}.Debug|x86.Build.0 = Debug|Any CPU
		{E85B894D-5285-4A27-BACE-E395151F0018}.Release|Any CPU.ActiveCfg = Release|Any CPU
		{E85B894D-5285-4A27-BACE-E395151F0018}.Release|Any CPU.Build.0 = Release|Any CPU
		{E85B894D-5285-4A27-BACE-E395151F0018}.Release|ARM64.ActiveCfg = Release|Any CPU
		{E85B894D-5285-4A27-BACE-E395151F0018}.Release|ARM64.Build.0 = Release|Any CPU
		{E85B894D-5285-4A27-BACE-E395151F0018}.Release|x64.ActiveCfg = Release|Any CPU
		{E85B894D-5285-4A27-BACE-E395151F0018}.Release|x64.Build.0 = Release|Any CPU
		{E85B894D-5285-4A27-BACE-E395151F0018}.Release|x86.ActiveCfg = Release|Any CPU
		{E85B894D-5285-4A27-BACE-E395151F0018}.Release|x86.Build.0 = Release|Any CPU
		{F2F0E324-CC8F-4463-9326-9C34934FAA28}.Debug|Any CPU.ActiveCfg = Debug|Any CPU
		{F2F0E324-CC8F-4463-9326-9C34934FAA28}.Debug|Any CPU.Build.0 = Debug|Any CPU
		{F2F0E324-CC8F-4463-9326-9C34934FAA28}.Debug|ARM64.ActiveCfg = Debug|Any CPU
		{F2F0E324-CC8F-4463-9326-9C34934FAA28}.Debug|ARM64.Build.0 = Debug|Any CPU
		{F2F0E324-CC8F-4463-9326-9C34934FAA28}.Debug|x64.ActiveCfg = Debug|Any CPU
		{F2F0E324-CC8F-4463-9326-9C34934FAA28}.Debug|x64.Build.0 = Debug|Any CPU
		{F2F0E324-CC8F-4463-9326-9C34934FAA28}.Debug|x86.ActiveCfg = Debug|Any CPU
		{F2F0E324-CC8F-4463-9326-9C34934FAA28}.Debug|x86.Build.0 = Debug|Any CPU
		{F2F0E324-CC8F-4463-9326-9C34934FAA28}.Release|Any CPU.ActiveCfg = Release|Any CPU
		{F2F0E324-CC8F-4463-9326-9C34934FAA28}.Release|Any CPU.Build.0 = Release|Any CPU
		{F2F0E324-CC8F-4463-9326-9C34934FAA28}.Release|ARM64.ActiveCfg = Release|Any CPU
		{F2F0E324-CC8F-4463-9326-9C34934FAA28}.Release|ARM64.Build.0 = Release|Any CPU
		{F2F0E324-CC8F-4463-9326-9C34934FAA28}.Release|x64.ActiveCfg = Release|Any CPU
		{F2F0E324-CC8F-4463-9326-9C34934FAA28}.Release|x64.Build.0 = Release|Any CPU
		{F2F0E324-CC8F-4463-9326-9C34934FAA28}.Release|x86.ActiveCfg = Release|Any CPU
		{F2F0E324-CC8F-4463-9326-9C34934FAA28}.Release|x86.Build.0 = Release|Any CPU
	EndGlobalSection
	GlobalSection(SolutionProperties) = preSolution
		HideSolutionNode = FALSE
	EndGlobalSection
	GlobalSection(ExtensibilityGlobals) = postSolution
		SolutionGuid = {97453835-0A8B-4DE7-95DA-1EF3AFDC3069}
	EndGlobalSection
EndGlobal
